{
  "lockfileVersion": 1,
  "workspaces": {
    "": {
      "name": "hono-ai-server",
      "dependencies": {
        "@ai-sdk/openai": "^1.3.16",
        "ai": "^4.3.9",
        "hono": "^4.7.7",
        "zod": "^3.24.3",
      },
      "devDependencies": {
        "@types/bun": "latest",
      },
    },
  },
  "packages": {
    "@ai-sdk/openai": ["@ai-sdk/openai@1.3.22", "https://registry.npmmirror.com/@ai-sdk/openai/-/openai-1.3.22.tgz", { "dependencies": { "@ai-sdk/provider": "1.1.3", "@ai-sdk/provider-utils": "2.2.8" }, "peerDependencies": { "zod": "^3.0.0" } }, "sha512-QwA+2EkG0QyjVR+7h6FE7iOu2ivNqAVMm9UJZkVxxTk5OIq5fFJDTEI/zICEMuHImTTXR2JjsL6EirJ28Jc4cw=="],

    "@ai-sdk/provider": ["@ai-sdk/provider@1.1.3", "https://registry.npmmirror.com/@ai-sdk/provider/-/provider-1.1.3.tgz", { "dependencies": { "json-schema": "^0.4.0" } }, "sha512-qZMxYJ0qqX/RfnuIaab+zp8UAeJn/ygXXAffR5I4N0n1IrvA6qBsjc8hXLmBiMV2zoXlifkacF7sEFnYnjBcqg=="],

    "@ai-sdk/provider-utils": ["@ai-sdk/provider-utils@2.2.8", "https://registry.npmmirror.com/@ai-sdk/provider-utils/-/provider-utils-2.2.8.tgz", { "dependencies": { "@ai-sdk/provider": "1.1.3", "nanoid": "^3.3.8", "secure-json-parse": "^2.7.0" }, "peerDependencies": { "zod": "^3.23.8" } }, "sha512-fqhG+4sCVv8x7nFzYnFo19ryhAa3w096Kmc3hWxMQfW/TubPOmt3A6tYZhl4mUfQWWQMsuSkLrtjlWuXBVSGQA=="],

    "@ai-sdk/react": ["@ai-sdk/react@1.2.12", "https://registry.npmmirror.com/@ai-sdk/react/-/react-1.2.12.tgz", { "dependencies": { "@ai-sdk/provider-utils": "2.2.8", "@ai-sdk/ui-utils": "1.2.11", "swr": "^2.2.5", "throttleit": "2.1.0" }, "peerDependencies": { "react": "^18 || ^19 || ^19.0.0-rc", "zod": "^3.23.8" }, "optionalPeers": ["zod"] }, "sha512-jK1IZZ22evPZoQW3vlkZ7wvjYGYF+tRBKXtrcolduIkQ/m/sOAVcVeVDUDvh1T91xCnWCdUGCPZg2avZ90mv3g=="],

    "@ai-sdk/ui-utils": ["@ai-sdk/ui-utils@1.2.11", "https://registry.npmmirror.com/@ai-sdk/ui-utils/-/ui-utils-1.2.11.tgz", { "dependencies": { "@ai-sdk/provider": "1.1.3", "@ai-sdk/provider-utils": "2.2.8", "zod-to-json-schema": "^3.24.1" }, "peerDependencies": { "zod": "^3.23.8" } }, "sha512-3zcwCc8ezzFlwp3ZD15wAPjf2Au4s3vAbKsXQVyhxODHcmu0iyPO2Eua6D/vicq/AUm/BAo60r97O6HU+EI0+w=="],

    "@opentelemetry/api": ["@opentelemetry/api@1.9.0", "https://registry.npmmirror.com/@opentelemetry/api/-/api-1.9.0.tgz", {}, "sha512-3giAOQvZiH5F9bMlMiv8+GSPMeqg0dbaeo58/0SlA9sxSqZhnUtxzX9/2FzyhS9sWQf5S0GJE0AKBrFqjpeYcg=="],

    "@types/bun": ["@types/bun@1.2.15", "https://registry.npmmirror.com/@types/bun/-/bun-1.2.15.tgz", { "dependencies": { "bun-types": "1.2.15" } }, "sha512-U1ljPdBEphF0nw1MIk0hI7kPg7dFdPyM7EenHsp6W5loNHl7zqy6JQf/RKCgnUn2KDzUpkBwHPnEJEjII594bA=="],

    "@types/diff-match-patch": ["@types/diff-match-patch@1.0.36", "https://registry.npmmirror.com/@types/diff-match-patch/-/diff-match-patch-1.0.36.tgz", {}, "sha512-xFdR6tkm0MWvBfO8xXCSsinYxHcqkQUlcHeSpMC2ukzOb6lwQAfDmW+Qt0AvlGd8HpsS28qKsB+oPeJn9I39jg=="],

    "@types/node": ["@types/node@24.0.1", "https://registry.npmmirror.com/@types/node/-/node-24.0.1.tgz", { "dependencies": { "undici-types": "~7.8.0" } }, "sha512-MX4Zioh39chHlDJbKmEgydJDS3tspMP/lnQC67G3SWsTnb9NeYVWOjkxpOSy4oMfPs4StcWHwBrvUb4ybfnuaw=="],

    "ai": ["ai@4.3.16", "https://registry.npmmirror.com/ai/-/ai-4.3.16.tgz", { "dependencies": { "@ai-sdk/provider": "1.1.3", "@ai-sdk/provider-utils": "2.2.8", "@ai-sdk/react": "1.2.12", "@ai-sdk/ui-utils": "1.2.11", "@opentelemetry/api": "1.9.0", "jsondiffpatch": "0.6.0" }, "peerDependencies": { "react": "^18 || ^19 || ^19.0.0-rc", "zod": "^3.23.8" }, "optionalPeers": ["react"] }, "sha512-KUDwlThJ5tr2Vw0A1ZkbDKNME3wzWhuVfAOwIvFUzl1TPVDFAXDFTXio3p+jaKneB+dKNCvFFlolYmmgHttG1g=="],

    "bun-types": ["bun-types@1.2.15", "https://registry.npmmirror.com/bun-types/-/bun-types-1.2.15.tgz", { "dependencies": { "@types/node": "*" } }, "sha512-NarRIaS+iOaQU1JPfyKhZm4AsUOrwUOqRNHY0XxI8GI8jYxiLXLcdjYMG9UKS+fwWasc1uw1htV9AX24dD+p4w=="],

    "chalk": ["chalk@5.4.1", "https://registry.npmmirror.com/chalk/-/chalk-5.4.1.tgz", {}, "sha512-zgVZuo2WcZgfUEmsn6eO3kINexW8RAE4maiQ8QNs8CtpPCSyMiYsULR3HQYkm3w8FIA3SberyMJMSldGsW+U3w=="],

    "dequal": ["dequal@2.0.3", "https://registry.npmmirror.com/dequal/-/dequal-2.0.3.tgz", {}, "sha512-0je+qPKHEMohvfRTCEo3CrPG6cAzAYgmzKyxRiYSSDkS6eGJdyVJm7WaYA5ECaAD9wLB2T4EEeymA5aFVcYXCA=="],

    "diff-match-patch": ["diff-match-patch@1.0.5", "https://registry.npmmirror.com/diff-match-patch/-/diff-match-patch-1.0.5.tgz", {}, "sha512-IayShXAgj/QMXgB0IWmKx+rOPuGMhqm5w6jvFxmVenXKIzRqTAAsbBPT3kWQeGANj3jGgvcvv4yK6SxqYmikgw=="],

    "hono": ["hono@4.7.11", "https://registry.npmmirror.com/hono/-/hono-4.7.11.tgz", {}, "sha512-rv0JMwC0KALbbmwJDEnxvQCeJh+xbS3KEWW5PC9cMJ08Ur9xgatI0HmtgYZfOdOSOeYsp5LO2cOhdI8cLEbDEQ=="],

    "json-schema": ["json-schema@0.4.0", "https://registry.npmmirror.com/json-schema/-/json-schema-0.4.0.tgz", {}, "sha512-es94M3nTIfsEPisRafak+HDLfHXnKBhV3vU5eqPcS3flIWqcxJWgXHXiey3YrpaNsanY5ei1VoYEbOzijuq9BA=="],

    "jsondiffpatch": ["jsondiffpatch@0.6.0", "https://registry.npmmirror.com/jsondiffpatch/-/jsondiffpatch-0.6.0.tgz", { "dependencies": { "@types/diff-match-patch": "^1.0.36", "chalk": "^5.3.0", "diff-match-patch": "^1.0.5" }, "bin": { "jsondiffpatch": "bin/jsondiffpatch.js" } }, "sha512-3QItJOXp2AP1uv7waBkao5nCvhEv+QmJAd38Ybq7wNI74Q+BBmnLn4EDKz6yI9xGAIQoUF87qHt+kc1IVxB4zQ=="],

    "nanoid": ["nanoid@3.3.11", "https://registry.npmmirror.com/nanoid/-/nanoid-3.3.11.tgz", { "bin": { "nanoid": "bin/nanoid.cjs" } }, "sha512-N8SpfPUnUp1bK+PMYW8qSWdl9U+wwNWI4QKxOYDy9JAro3WMX7p2OeVRF9v+347pnakNevPmiHhNmZ2HbFA76w=="],

    "react": ["react@19.1.0", "https://registry.npmmirror.com/react/-/react-19.1.0.tgz", {}, "sha512-FS+XFBNvn3GTAWq26joslQgWNoFu08F4kl0J4CgdNKADkdSGXQyTCnKteIAJy96Br6YbpEU1LSzV5dYtjMkMDg=="],

    "secure-json-parse": ["secure-json-parse@2.7.0", "https://registry.npmmirror.com/secure-json-parse/-/secure-json-parse-2.7.0.tgz", {}, "sha512-6aU+Rwsezw7VR8/nyvKTx8QpWH9FrcYiXXlqC4z5d5XQBDRqtbfsRjnwGyqbi3gddNtWHuEk9OANUotL26qKUw=="],

    "swr": ["swr@2.3.3", "https://registry.npmmirror.com/swr/-/swr-2.3.3.tgz", { "dependencies": { "dequal": "^2.0.3", "use-sync-external-store": "^1.4.0" }, "peerDependencies": { "react": "^16.11.0 || ^17.0.0 || ^18.0.0 || ^19.0.0" } }, "sha512-dshNvs3ExOqtZ6kJBaAsabhPdHyeY4P2cKwRCniDVifBMoG/SVI7tfLWqPXriVspf2Rg4tPzXJTnwaihIeFw2A=="],

    "throttleit": ["throttleit@2.1.0", "https://registry.npmmirror.com/throttleit/-/throttleit-2.1.0.tgz", {}, "sha512-nt6AMGKW1p/70DF/hGBdJB57B8Tspmbp5gfJ8ilhLnt7kkr2ye7hzD6NVG8GGErk2HWF34igrL2CXmNIkzKqKw=="],

    "undici-types": ["undici-types@7.8.0", "https://registry.npmmirror.com/undici-types/-/undici-types-7.8.0.tgz", {}, "sha512-9UJ2xGDvQ43tYyVMpuHlsgApydB8ZKfVYTsLDhXkFL/6gfkp+U8xTGdh8pMJv1SpZna0zxG1DwsKZsreLbXBxw=="],

    "use-sync-external-store": ["use-sync-external-store@1.5.0", "https://registry.npmmirror.com/use-sync-external-store/-/use-sync-external-store-1.5.0.tgz", { "peerDependencies": { "react": "^16.8.0 || ^17.0.0 || ^18.0.0 || ^19.0.0" } }, "sha512-Rb46I4cGGVBmjamjphe8L/UnvJD+uPPtTkNvX5mZgqdbavhI4EbgIWJiIHXJ8bc/i9EQGPRh4DwEURJ552Do0A=="],

    "zod": ["zod@3.25.64", "https://registry.npmmirror.com/zod/-/zod-3.25.64.tgz", {}, "sha512-hbP9FpSZf7pkS7hRVUrOjhwKJNyampPgtXKc3AN6DsWtoHsg2Sb4SQaS4Tcay380zSwd2VPo9G9180emBACp5g=="],

    "zod-to-json-schema": ["zod-to-json-schema@3.24.5", "https://registry.npmmirror.com/zod-to-json-schema/-/zod-to-json-schema-3.24.5.tgz", { "peerDependencies": { "zod": "^3.24.1" } }, "sha512-/AuWwMP+YqiPbsJx5D6TfgRTc4kTLjsh5SOcd4bLsfUg2RcEXrFMJl1DGgdHy2aCfsIA/cr/1JM0xcB2GZji8g=="],
  }
}
